
Microsoft Visual Studio Solution File, Format Version 12.00
# Visual Studio Version 16
VisualStudioVersion = 16.0.29519.181
MinimumVisualStudioVersion = 15.0.26124.0
Project("{9A19103F-16F7-4668-BE54-9A1E7A4F7556}") = "Domain", "Domain\Domain.csproj", "{CE2A8F1E-C3B8-4A48-BC25-DE7E3166457B}"
EndProject
Project("{9A19103F-16F7-4668-BE54-9A1E7A4F7556}") = "Application", "Application\Application.csproj", "{3F23C233-85D8-4FD1-A95A-E24DFD71C685}"
EndProject
Project("{9A19103F-16F7-4668-BE54-9A1E7A4F7556}") = "Persistence", "Persistence\Persistence.csproj", "{CED08860-0F28-4013-8647-DB168D39B25B}"
EndProject
Project("{9A19103F-16F7-4668-BE54-9A1E7A4F7556}") = "API", "API\API.csproj", "{95ADD4ED-BD82-4248-8A3D-2E52CE9558E2}"
EndProject
Project("{E24C65DC-7377-472B-9ABA-BC803B73C61A}") = "client-app", "client-app\", "{1BB6A998-74A5-418B-9964-A62955E4B46B}"
	ProjectSection(WebsiteProperties) = preProject
		TargetFrameworkMoniker = ".NETFramework,Version%3Dv4.0"
		Debug.AspNetCompiler.VirtualPath = "/localhost_49534"
		Debug.AspNetCompiler.PhysicalPath = "client-app\"
		Debug.AspNetCompiler.TargetPath = "PrecompiledWeb\localhost_49534\"
		Debug.AspNetCompiler.Updateable = "true"
		Debug.AspNetCompiler.ForceOverwrite = "true"
		Debug.AspNetCompiler.FixedNames = "false"
		Debug.AspNetCompiler.Debug = "True"
		Release.AspNetCompiler.VirtualPath = "/localhost_49534"
		Release.AspNetCompiler.PhysicalPath = "client-app\"
		Release.AspNetCompiler.TargetPath = "PrecompiledWeb\localhost_49534\"
		Release.AspNetCompiler.Updateable = "true"
		Release.AspNetCompiler.ForceOverwrite = "true"
		Release.AspNetCompiler.FixedNames = "false"
		Release.AspNetCompiler.Debug = "False"
		VWDPort = "49534"
		SlnRelativePath = "client-app\"
	EndProjectSection
EndProject
Project("{9A19103F-16F7-4668-BE54-9A1E7A4F7556}") = "Infrastructure", "Infrastructure\Infrastructure.csproj", "{7149F41C-3737-4766-A5AB-C01D738381FD}"
EndProject
Global
	GlobalSection(SolutionConfigurationPlatforms) = preSolution
		Debug|Any CPU = Debug|Any CPU
		Debug|x64 = Debug|x64
		Debug|x86 = Debug|x86
		Release|Any CPU = Release|Any CPU
		Release|x64 = Release|x64
		Release|x86 = Release|x86
	EndGlobalSection
	GlobalSection(ProjectConfigurationPlatforms) = postSolution
		{CE2A8F1E-C3B8-4A48-BC25-DE7E3166457B}.Debug|Any CPU.ActiveCfg = Debug|Any CPU
		{CE2A8F1E-C3B8-4A48-BC25-DE7E3166457B}.Debug|Any CPU.Build.0 = Debug|Any CPU
		{CE2A8F1E-C3B8-4A48-BC25-DE7E3166457B}.Debug|x64.ActiveCfg = Debug|Any CPU
		{CE2A8F1E-C3B8-4A48-BC25-DE7E3166457B}.Debug|x64.Build.0 = Debug|Any CPU
		{CE2A8F1E-C3B8-4A48-BC25-DE7E3166457B}.Debug|x86.ActiveCfg = Debug|Any CPU
		{CE2A8F1E-C3B8-4A48-BC25-DE7E3166457B}.Debug|x86.Build.0 = Debug|Any CPU
		{CE2A8F1E-C3B8-4A48-BC25-DE7E3166457B}.Release|Any CPU.ActiveCfg = Release|Any CPU
		{CE2A8F1E-C3B8-4A48-BC25-DE7E3166457B}.Release|Any CPU.Build.0 = Release|Any CPU
		{CE2A8F1E-C3B8-4A48-BC25-DE7E3166457B}.Release|x64.ActiveCfg = Release|Any CPU
		{CE2A8F1E-C3B8-4A48-BC25-DE7E3166457B}.Release|x64.Build.0 = Release|Any CPU
		{CE2A8F1E-C3B8-4A48-BC25-DE7E3166457B}.Release|x86.ActiveCfg = Release|Any CPU
		{CE2A8F1E-C3B8-4A48-BC25-DE7E3166457B}.Release|x86.Build.0 = Release|Any CPU
		{3F23C233-85D8-4FD1-A95A-E24DFD71C685}.Debug|Any CPU.ActiveCfg = Debug|Any CPU
		{3F23C233-85D8-4FD1-A95A-E24DFD71C685}.Debug|Any CPU.Build.0 = Debug|Any CPU
		{3F23C233-85D8-4FD1-A95A-E24DFD71C685}.Debug|x64.ActiveCfg = Debug|Any CPU
		{3F23C233-85D8-4FD1-A95A-E24DFD71C685}.Debug|x64.Build.0 = Debug|Any CPU
		{3F23C233-85D8-4FD1-A95A-E24DFD71C685}.Debug|x86.ActiveCfg = Debug|Any CPU
		{3F23C233-85D8-4FD1-A95A-E24DFD71C685}.Debug|x86.Build.0 = Debug|Any CPU
		{3F23C233-85D8-4FD1-A95A-E24DFD71C685}.Release|Any CPU.ActiveCfg = Release|Any CPU
		{3F23C233-85D8-4FD1-A95A-E24DFD71C685}.Release|Any CPU.Build.0 = Release|Any CPU
		{3F23C233-85D8-4FD1-A95A-E24DFD71C685}.Release|x64.ActiveCfg = Release|Any CPU
		{3F23C233-85D8-4FD1-A95A-E24DFD71C685}.Release|x64.Build.0 = Release|Any CPU
		{3F23C233-85D8-4FD1-A95A-E24DFD71C685}.Release|x86.ActiveCfg = Release|Any CPU
		{3F23C233-85D8-4FD1-A95A-E24DFD71C685}.Release|x86.Build.0 = Release|Any CPU
		{CED08860-0F28-4013-8647-DB168D39B25B}.Debug|Any CPU.ActiveCfg = Debug|Any CPU
		{CED08860-0F28-4013-8647-DB168D39B25B}.Debug|Any CPU.Build.0 = Debug|Any CPU
		{CED08860-0F28-4013-8647-DB168D39B25B}.Debug|x64.ActiveCfg = Debug|Any CPU
		{CED08860-0F28-4013-8647-DB168D39B25B}.Debug|x64.Build.0 = Debug|Any CPU
		{CED08860-0F28-4013-8647-DB168D39B25B}.Debug|x86.ActiveCfg = Debug|Any CPU
		{CED08860-0F28-4013-8647-DB168D39B25B}.Debug|x86.Build.0 = Debug|Any CPU
		{CED08860-0F28-4013-8647-DB168D39B25B}.Release|Any CPU.ActiveCfg = Release|Any CPU
		{CED08860-0F28-4013-8647-DB168D39B25B}.Release|Any CPU.Build.0 = Release|Any CPU
		{CED08860-0F28-4013-8647-DB168D39B25B}.Release|x64.ActiveCfg = Release|Any CPU
		{CED08860-0F28-4013-8647-DB168D39B25B}.Release|x64.Build.0 = Release|Any CPU
		{CED08860-0F28-4013-8647-DB168D39B25B}.Release|x86.ActiveCfg = Release|Any CPU
		{CED08860-0F28-4013-8647-DB168D39B25B}.Release|x86.Build.0 = Release|Any CPU
		{95ADD4ED-BD82-4248-8A3D-2E52CE9558E2}.Debug|Any CPU.ActiveCfg = Debug|Any CPU
		{95ADD4ED-BD82-4248-8A3D-2E52CE9558E2}.Debug|Any CPU.Build.0 = Debug|Any CPU
		{95ADD4ED-BD82-4248-8A3D-2E52CE9558E2}.Debug|x64.ActiveCfg = Debug|Any CPU
		{95ADD4ED-BD82-4248-8A3D-2E52CE9558E2}.Debug|x64.Build.0 = Debug|Any CPU
		{95ADD4ED-BD82-4248-8A3D-2E52CE9558E2}.Debug|x86.ActiveCfg = Debug|Any CPU
		{95ADD4ED-BD82-4248-8A3D-2E52CE9558E2}.Debug|x86.Build.0 = Debug|Any CPU
		{95ADD4ED-BD82-4248-8A3D-2E52CE9558E2}.Release|Any CPU.ActiveCfg = Release|Any CPU
		{95ADD4ED-BD82-4248-8A3D-2E52CE9558E2}.Release|Any CPU.Build.0 = Release|Any CPU
		{95ADD4ED-BD82-4248-8A3D-2E52CE9558E2}.Release|x64.ActiveCfg = Release|Any CPU
		{95ADD4ED-BD82-4248-8A3D-2E52CE9558E2}.Release|x64.Build.0 = Release|Any CPU
		{95ADD4ED-BD82-4248-8A3D-2E52CE9558E2}.Release|x86.ActiveCfg = Release|Any CPU
		{95ADD4ED-BD82-4248-8A3D-2E52CE9558E2}.Release|x86.Build.0 = Release|Any CPU
		{1BB6A998-74A5-418B-9964-A62955E4B46B}.Debug|Any CPU.ActiveCfg = Debug|Any CPU
		{1BB6A998-74A5-418B-9964-A62955E4B46B}.Debug|Any CPU.Build.0 = Debug|Any CPU
		{1BB6A998-74A5-418B-9964-A62955E4B46B}.Debug|x64.ActiveCfg = Debug|Any CPU
		{1BB6A998-74A5-418B-9964-A62955E4B46B}.Debug|x64.Build.0 = Debug|Any CPU
		{1BB6A998-74A5-418B-9964-A62955E4B46B}.Debug|x86.ActiveCfg = Debug|Any CPU
		{1BB6A998-74A5-418B-9964-A62955E4B46B}.Debug|x86.Build.0 = Debug|Any CPU
		{1BB6A998-74A5-418B-9964-A62955E4B46B}.Release|Any CPU.ActiveCfg = Debug|Any CPU
		{1BB6A998-74A5-418B-9964-A62955E4B46B}.Release|Any CPU.Build.0 = Debug|Any CPU
		{1BB6A998-74A5-418B-9964-A62955E4B46B}.Release|x64.ActiveCfg = Debug|Any CPU
		{1BB6A998-74A5-418B-9964-A62955E4B46B}.Release|x64.Build.0 = Debug|Any CPU
		{1BB6A998-74A5-418B-9964-A62955E4B46B}.Release|x86.ActiveCfg = Debug|Any CPU
		{1BB6A998-74A5-418B-9964-A62955E4B46B}.Release|x86.Build.0 = Debug|Any CPU
		{7149F41C-3737-4766-A5AB-C01D738381FD}.Debug|Any CPU.ActiveCfg = Debug|Any CPU
		{7149F41C-3737-4766-A5AB-C01D738381FD}.Debug|Any CPU.Build.0 = Debug|Any CPU
		{7149F41C-3737-4766-A5AB-C01D738381FD}.Debug|x64.ActiveCfg = Debug|Any CPU
		{7149F41C-3737-4766-A5AB-C01D738381FD}.Debug|x64.Build.0 = Debug|Any CPU
		{7149F41C-3737-4766-A5AB-C01D738381FD}.Debug|x86.ActiveCfg = Debug|Any CPU
		{7149F41C-3737-4766-A5AB-C01D738381FD}.Debug|x86.Build.0 = Debug|Any CPU
		{7149F41C-3737-4766-A5AB-C01D738381FD}.Release|Any CPU.ActiveCfg = Release|Any CPU
		{7149F41C-3737-4766-A5AB-C01D738381FD}.Release|Any CPU.Build.0 = Release|Any CPU
		{7149F41C-3737-4766-A5AB-C01D738381FD}.Release|x64.ActiveCfg = Release|Any CPU
		{7149F41C-3737-4766-A5AB-C01D738381FD}.Release|x64.Build.0 = Release|Any CPU
		{7149F41C-3737-4766-A5AB-C01D738381FD}.Release|x86.ActiveCfg = Release|Any CPU
		{7149F41C-3737-4766-A5AB-C01D738381FD}.Release|x86.Build.0 = Release|Any CPU
	EndGlobalSection
	GlobalSection(SolutionProperties) = preSolution
		HideSolutionNode = FALSE
	EndGlobalSection
	GlobalSection(ExtensibilityGlobals) = postSolution
		SolutionGuid = {E98DBBC8-90F3-4C91-BDE0-109B9C42013E}
	EndGlobalSection
EndGlobal
